
Microsoft Visual Studio Solution File, Format Version 12.00
# Visual Studio 15
VisualStudioVersion = 15.0.28010.2050
MinimumVisualStudioVersion = 10.0.40219.1
Project("{FAE04EC0-301F-11D3-BF4B-00C04F79EFBC}") = "PSO2_EmgNotifyDiscordBot", "PSO2_EmgNotifyDiscordBot\PSO2_EmgNotifyDiscordBot.csproj", "{1332A175-68CE-4A1E-9CEF-5329655DBEB8}"
EndProject
Global
	GlobalSection(SolutionConfigurationPlatforms) = preSolution
		Debug|Any CPU = Debug|Any CPU
		Release|Any CPU = Release|Any CPU
	EndGlobalSection
	GlobalSection(ProjectConfigurationPlatforms) = postSolution
		{1332A175-68CE-4A1E-9CEF-5329655DBEB8}.Debug|Any CPU.ActiveCfg = Debug|Any CPU
		{1332A175-68CE-4A1E-9CEF-5329655DBEB8}.Debug|Any CPU.Build.0 = Debug|Any CPU
		{1332A175-68CE-4A1E-9CEF-5329655DBEB8}.Release|Any CPU.ActiveCfg = Release|Any CPU
		{1332A175-68CE-4A1E-9CEF-5329655DBEB8}.Release|Any CPU.Build.0 = Release|Any CPU
	EndGlobalSection
	GlobalSection(SolutionProperties) = preSolution
		HideSolutionNode = FALSE
	EndGlobalSection
	GlobalSection(ExtensibilityGlobals) = postSolution
		SolutionGuid = {F5AD0BC1-DB3B-4F52-8285-9D42567FC7D7}
	EndGlobalSection
EndGlobal
